// !$*UTF8*$!
{
	archiveVersion = 1;
	classes = {
	};
	objectVersion = 56;
	objects = {

/* Begin PBXBuildFile section */
		CB00D11F2B4C4C6700B982C2 /* NewMessageView.swift in Sources */ = {isa = PBXBuildFile; fileRef = CB00D11E2B4C4C6700B982C2 /* NewMessageView.swift */; };
		CB051EB02B6B2CCC00715B2C /* ChatService.swift in Sources */ = {isa = PBXBuildFile; fileRef = CB051EAF2B6B2CCC00715B2C /* ChatService.swift */; };
		CB051EB32B6B2DE100715B2C /* Constants.swift in Sources */ = {isa = PBXBuildFile; fileRef = CB051EB22B6B2DE100715B2C /* Constants.swift */; };
		CB051EB62B6B332600715B2C /* InboxService.swift in Sources */ = {isa = PBXBuildFile; fileRef = CB051EB52B6B332600715B2C /* InboxService.swift */; };
		CB1EA8762B657A4B00DA81BE /* ContentViewModel.swift in Sources */ = {isa = PBXBuildFile; fileRef = CB1EA8752B657A4B00DA81BE /* ContentViewModel.swift */; };
		CB24D67E2B6703DC00FD4A37 /* NewMessageViewModel.swift in Sources */ = {isa = PBXBuildFile; fileRef = CB24D67D2B6703DC00FD4A37 /* NewMessageViewModel.swift */; };
		CB24D6802B67176E00FD4A37 /* Message.swift in Sources */ = {isa = PBXBuildFile; fileRef = CB24D67F2B67176E00FD4A37 /* Message.swift */; };
		CB24D6822B67196800FD4A37 /* MessageService.swift in Sources */ = {isa = PBXBuildFile; fileRef = CB24D6812B67196800FD4A37 /* MessageService.swift */; };
		CB24D6862B671D7500FD4A37 /* ChatViewModel.swift in Sources */ = {isa = PBXBuildFile; fileRef = CB24D6852B671D7500FD4A37 /* ChatViewModel.swift */; };
		CB285C8D2B4AEF5500D49E72 /* InboxView.swift in Sources */ = {isa = PBXBuildFile; fileRef = CB285C8C2B4AEF5500D49E72 /* InboxView.swift */; };
		CB285C902B4AF1E000D49E72 /* ActiveNowView.swift in Sources */ = {isa = PBXBuildFile; fileRef = CB285C8F2B4AF1E000D49E72 /* ActiveNowView.swift */; };
		CB285C922B4AF54400D49E72 /* InboxRowView.swift in Sources */ = {isa = PBXBuildFile; fileRef = CB285C912B4AF54400D49E72 /* InboxRowView.swift */; };
		CB2D1FEA2B45E50100B88648 /* MessengerApp.swift in Sources */ = {isa = PBXBuildFile; fileRef = CB2D1FE92B45E50100B88648 /* MessengerApp.swift */; };
		CB2D1FEC2B45E50100B88648 /* ContentView.swift in Sources */ = {isa = PBXBuildFile; fileRef = CB2D1FEB2B45E50100B88648 /* ContentView.swift */; };
		CB2D1FEE2B45E50300B88648 /* Assets.xcassets in Resources */ = {isa = PBXBuildFile; fileRef = CB2D1FED2B45E50300B88648 /* Assets.xcassets */; };
		CB2D1FF12B45E50300B88648 /* Preview Assets.xcassets in Resources */ = {isa = PBXBuildFile; fileRef = CB2D1FF02B45E50300B88648 /* Preview Assets.xcassets */; };
		CB50B4812B66A5FF00610047 /* UserService.swift in Sources */ = {isa = PBXBuildFile; fileRef = CB50B4802B66A5FF00610047 /* UserService.swift */; };
		CB50B4852B66ACDD00610047 /* InboxViewModel.swift in Sources */ = {isa = PBXBuildFile; fileRef = CB50B4842B66ACDD00610047 /* InboxViewModel.swift */; };
		CB9385442B5C0DB900F6C673 /* ProfileViewModel.swift in Sources */ = {isa = PBXBuildFile; fileRef = CB9385432B5C0DB900F6C673 /* ProfileViewModel.swift */; };
		CB9639102B64255800250578 /* GoogleService-Info in Resources */ = {isa = PBXBuildFile; fileRef = CB96390F2B64255800250578 /* GoogleService-Info */; };
		CB9639132B6425EB00250578 /* FirebaseAnalytics in Frameworks */ = {isa = PBXBuildFile; productRef = CB9639122B6425EB00250578 /* FirebaseAnalytics */; };
		CB9639152B6425EB00250578 /* FirebaseAnalyticsOnDeviceConversion in Frameworks */ = {isa = PBXBuildFile; productRef = CB9639142B6425EB00250578 /* FirebaseAnalyticsOnDeviceConversion */; };
		CB9639172B6425EB00250578 /* FirebaseAnalyticsSwift in Frameworks */ = {isa = PBXBuildFile; productRef = CB9639162B6425EB00250578 /* FirebaseAnalyticsSwift */; };
		CB9639192B6425EB00250578 /* FirebaseAnalyticsWithoutAdIdSupport in Frameworks */ = {isa = PBXBuildFile; productRef = CB9639182B6425EB00250578 /* FirebaseAnalyticsWithoutAdIdSupport */; };
		CB96391B2B6425EB00250578 /* FirebaseAppCheck in Frameworks */ = {isa = PBXBuildFile; productRef = CB96391A2B6425EB00250578 /* FirebaseAppCheck */; };
		CB96391D2B6425EB00250578 /* FirebaseAppDistribution-Beta in Frameworks */ = {isa = PBXBuildFile; productRef = CB96391C2B6425EB00250578 /* FirebaseAppDistribution-Beta */; };
		CB96391F2B6425EB00250578 /* FirebaseAuth in Frameworks */ = {isa = PBXBuildFile; productRef = CB96391E2B6425EB00250578 /* FirebaseAuth */; };
		CB9639212B6425EB00250578 /* FirebaseAuthCombine-Community in Frameworks */ = {isa = PBXBuildFile; productRef = CB9639202B6425EB00250578 /* FirebaseAuthCombine-Community */; };
		CB9639232B6425EB00250578 /* FirebaseCrashlytics in Frameworks */ = {isa = PBXBuildFile; productRef = CB9639222B6425EB00250578 /* FirebaseCrashlytics */; };
		CB9639252B6425EB00250578 /* FirebaseDatabase in Frameworks */ = {isa = PBXBuildFile; productRef = CB9639242B6425EB00250578 /* FirebaseDatabase */; };
		CB9639272B6425EB00250578 /* FirebaseDatabaseSwift in Frameworks */ = {isa = PBXBuildFile; productRef = CB9639262B6425EB00250578 /* FirebaseDatabaseSwift */; };
		CB9639292B6425EB00250578 /* FirebaseDynamicLinks in Frameworks */ = {isa = PBXBuildFile; productRef = CB9639282B6425EB00250578 /* FirebaseDynamicLinks */; };
		CB96392B2B6425EB00250578 /* FirebaseFirestore in Frameworks */ = {isa = PBXBuildFile; productRef = CB96392A2B6425EB00250578 /* FirebaseFirestore */; };
		CB96392D2B6425EB00250578 /* FirebaseFirestoreCombine-Community in Frameworks */ = {isa = PBXBuildFile; productRef = CB96392C2B6425EB00250578 /* FirebaseFirestoreCombine-Community */; };
		CB96392F2B6425EB00250578 /* FirebaseFirestoreSwift in Frameworks */ = {isa = PBXBuildFile; productRef = CB96392E2B6425EB00250578 /* FirebaseFirestoreSwift */; };
		CB9639312B6425EB00250578 /* FirebaseFunctions in Frameworks */ = {isa = PBXBuildFile; productRef = CB9639302B6425EB00250578 /* FirebaseFunctions */; };
		CB9639332B6425EB00250578 /* FirebaseFunctionsCombine-Community in Frameworks */ = {isa = PBXBuildFile; productRef = CB9639322B6425EB00250578 /* FirebaseFunctionsCombine-Community */; };
		CB9639352B6425EB00250578 /* FirebaseInAppMessaging-Beta in Frameworks */ = {isa = PBXBuildFile; productRef = CB9639342B6425EB00250578 /* FirebaseInAppMessaging-Beta */; };
		CB9639372B6425EB00250578 /* FirebaseInAppMessagingSwift-Beta in Frameworks */ = {isa = PBXBuildFile; productRef = CB9639362B6425EB00250578 /* FirebaseInAppMessagingSwift-Beta */; };
		CB9639392B6425EB00250578 /* FirebaseInstallations in Frameworks */ = {isa = PBXBuildFile; productRef = CB9639382B6425EB00250578 /* FirebaseInstallations */; };
		CB96393B2B6425EB00250578 /* FirebaseMLModelDownloader in Frameworks */ = {isa = PBXBuildFile; productRef = CB96393A2B6425EB00250578 /* FirebaseMLModelDownloader */; };
		CB96393D2B6425EB00250578 /* FirebaseMessaging in Frameworks */ = {isa = PBXBuildFile; productRef = CB96393C2B6425EB00250578 /* FirebaseMessaging */; };
		CB96393F2B6425EB00250578 /* FirebasePerformance in Frameworks */ = {isa = PBXBuildFile; productRef = CB96393E2B6425EB00250578 /* FirebasePerformance */; };
		CB9639412B6425EB00250578 /* FirebaseRemoteConfig in Frameworks */ = {isa = PBXBuildFile; productRef = CB9639402B6425EB00250578 /* FirebaseRemoteConfig */; };
		CB9639432B6425EB00250578 /* FirebaseRemoteConfigSwift in Frameworks */ = {isa = PBXBuildFile; productRef = CB9639422B6425EB00250578 /* FirebaseRemoteConfigSwift */; };
		CB9639452B6425EB00250578 /* FirebaseStorage in Frameworks */ = {isa = PBXBuildFile; productRef = CB9639442B6425EB00250578 /* FirebaseStorage */; };
		CB9639472B6425EB00250578 /* FirebaseStorageCombine-Community in Frameworks */ = {isa = PBXBuildFile; productRef = CB9639462B6425EB00250578 /* FirebaseStorageCombine-Community */; };
		CB9639492B64277800250578 /* GoogleService-Info.plist in Resources */ = {isa = PBXBuildFile; fileRef = CB9639482B64277800250578 /* GoogleService-Info.plist */; };
		CB96394D2B649A2800250578 /* LoginViewModel.swift in Sources */ = {isa = PBXBuildFile; fileRef = CB96394C2B649A2800250578 /* LoginViewModel.swift */; };
		CB96394F2B649A6C00250578 /* RegistrationViewModel.swift in Sources */ = {isa = PBXBuildFile; fileRef = CB96394E2B649A6C00250578 /* RegistrationViewModel.swift */; };
		CB9639512B649A8F00250578 /* AuthService.swift in Sources */ = {isa = PBXBuildFile; fileRef = CB9639502B649A8F00250578 /* AuthService.swift */; };
		CBD411162B46FFF300F15F20 /* LoginView.swift in Sources */ = {isa = PBXBuildFile; fileRef = CBD411152B46FFF300F15F20 /* LoginView.swift */; };
		CBD9862C2B48B43600013A54 /* SignUpView.swift in Sources */ = {isa = PBXBuildFile; fileRef = CBD9862B2B48B43600013A54 /* SignUpView.swift */; };
		CBE487AB2B5C79FB0016455B /* User.swift in Sources */ = {isa = PBXBuildFile; fileRef = CBE487AA2B5C79FB0016455B /* User.swift */; };
		CBE931A62B61563D00FEB2E7 /* CircularProfileImageView.swift in Sources */ = {isa = PBXBuildFile; fileRef = CBE931A52B61563D00FEB2E7 /* CircularProfileImageView.swift */; };
		CBE931A92B615A5700FEB2E7 /* ChatView.swift in Sources */ = {isa = PBXBuildFile; fileRef = CBE931A82B615A5700FEB2E7 /* ChatView.swift */; };
		CBE931AB2B615DD600FEB2E7 /* ChatMessageCell.swift in Sources */ = {isa = PBXBuildFile; fileRef = CBE931AA2B615DD600FEB2E7 /* ChatMessageCell.swift */; };
		CBE931AD2B61619800FEB2E7 /* ChatBubble.swift in Sources */ = {isa = PBXBuildFile; fileRef = CBE931AC2B61619800FEB2E7 /* ChatBubble.swift */; };
		CBFD76602B5846610093A078 /* ProfileView.swift in Sources */ = {isa = PBXBuildFile; fileRef = CBFD765F2B5846610093A078 /* ProfileView.swift */; };
		CBFD76622B58596B0093A078 /* SettingsOptionsViewModel.swift in Sources */ = {isa = PBXBuildFile; fileRef = CBFD76612B58596B0093A078 /* SettingsOptionsViewModel.swift */; };
/* End PBXBuildFile section */

/* Begin PBXFileReference section */
		CB00D11E2B4C4C6700B982C2 /* NewMessageView.swift */ = {isa = PBXFileReference; lastKnownFileType = sourcecode.swift; path = NewMessageView.swift; sourceTree = "<group>"; };
		CB051EAF2B6B2CCC00715B2C /* ChatService.swift */ = {isa = PBXFileReference; lastKnownFileType = sourcecode.swift; path = ChatService.swift; sourceTree = "<group>"; };
		CB051EB22B6B2DE100715B2C /* Constants.swift */ = {isa = PBXFileReference; lastKnownFileType = sourcecode.swift; path = Constants.swift; sourceTree = "<group>"; };
		CB051EB52B6B332600715B2C /* InboxService.swift */ = {isa = PBXFileReference; lastKnownFileType = sourcecode.swift; path = InboxService.swift; sourceTree = "<group>"; };
		CB1EA8752B657A4B00DA81BE /* ContentViewModel.swift */ = {isa = PBXFileReference; lastKnownFileType = sourcecode.swift; path = ContentViewModel.swift; sourceTree = "<group>"; };
		CB24D67D2B6703DC00FD4A37 /* NewMessageViewModel.swift */ = {isa = PBXFileReference; lastKnownFileType = sourcecode.swift; path = NewMessageViewModel.swift; sourceTree = "<group>"; };
		CB24D67F2B67176E00FD4A37 /* Message.swift */ = {isa = PBXFileReference; lastKnownFileType = sourcecode.swift; path = Message.swift; sourceTree = "<group>"; };
		CB24D6812B67196800FD4A37 /* MessageService.swift */ = {isa = PBXFileReference; lastKnownFileType = sourcecode.swift; path = MessageService.swift; sourceTree = "<group>"; };
		CB24D6852B671D7500FD4A37 /* ChatViewModel.swift */ = {isa = PBXFileReference; lastKnownFileType = sourcecode.swift; path = ChatViewModel.swift; sourceTree = "<group>"; };
		CB285C8C2B4AEF5500D49E72 /* InboxView.swift */ = {isa = PBXFileReference; lastKnownFileType = sourcecode.swift; path = InboxView.swift; sourceTree = "<group>"; };
		CB285C8F2B4AF1E000D49E72 /* ActiveNowView.swift */ = {isa = PBXFileReference; lastKnownFileType = sourcecode.swift; path = ActiveNowView.swift; sourceTree = "<group>"; };
		CB285C912B4AF54400D49E72 /* InboxRowView.swift */ = {isa = PBXFileReference; lastKnownFileType = sourcecode.swift; path = InboxRowView.swift; sourceTree = "<group>"; };
		CB2D1FE62B45E50100B88648 /* Messenger.app */ = {isa = PBXFileReference; explicitFileType = wrapper.application; includeInIndex = 0; path = Messenger.app; sourceTree = BUILT_PRODUCTS_DIR; };
		CB2D1FE92B45E50100B88648 /* MessengerApp.swift */ = {isa = PBXFileReference; lastKnownFileType = sourcecode.swift; path = MessengerApp.swift; sourceTree = "<group>"; };
		CB2D1FEB2B45E50100B88648 /* ContentView.swift */ = {isa = PBXFileReference; lastKnownFileType = sourcecode.swift; path = ContentView.swift; sourceTree = "<group>"; };
		CB2D1FED2B45E50300B88648 /* Assets.xcassets */ = {isa = PBXFileReference; lastKnownFileType = folder.assetcatalog; path = Assets.xcassets; sourceTree = "<group>"; };
		CB2D1FF02B45E50300B88648 /* Preview Assets.xcassets */ = {isa = PBXFileReference; lastKnownFileType = folder.assetcatalog; path = "Preview Assets.xcassets"; sourceTree = "<group>"; };
		CB50B4802B66A5FF00610047 /* UserService.swift */ = {isa = PBXFileReference; lastKnownFileType = sourcecode.swift; path = UserService.swift; sourceTree = "<group>"; };
		CB50B4842B66ACDD00610047 /* InboxViewModel.swift */ = {isa = PBXFileReference; lastKnownFileType = sourcecode.swift; path = InboxViewModel.swift; sourceTree = "<group>"; };
		CB9385432B5C0DB900F6C673 /* ProfileViewModel.swift */ = {isa = PBXFileReference; lastKnownFileType = sourcecode.swift; path = ProfileViewModel.swift; sourceTree = "<group>"; };
		CB96390F2B64255800250578 /* GoogleService-Info */ = {isa = PBXFileReference; fileEncoding = 4; lastKnownFileType = text.xml; path = "GoogleService-Info"; sourceTree = "<group>"; };
		CB9639482B64277800250578 /* GoogleService-Info.plist */ = {isa = PBXFileReference; fileEncoding = 4; lastKnownFileType = text.plist.xml; path = "GoogleService-Info.plist"; sourceTree = "<group>"; };
		CB96394C2B649A2800250578 /* LoginViewModel.swift */ = {isa = PBXFileReference; lastKnownFileType = sourcecode.swift; path = LoginViewModel.swift; sourceTree = "<group>"; };
		CB96394E2B649A6C00250578 /* RegistrationViewModel.swift */ = {isa = PBXFileReference; lastKnownFileType = sourcecode.swift; path = RegistrationViewModel.swift; sourceTree = "<group>"; };
		CB9639502B649A8F00250578 /* AuthService.swift */ = {isa = PBXFileReference; lastKnownFileType = sourcecode.swift; path = AuthService.swift; sourceTree = "<group>"; };
		CBD411152B46FFF300F15F20 /* LoginView.swift */ = {isa = PBXFileReference; lastKnownFileType = sourcecode.swift; path = LoginView.swift; sourceTree = "<group>"; };
		CBD9862B2B48B43600013A54 /* SignUpView.swift */ = {isa = PBXFileReference; lastKnownFileType = sourcecode.swift; path = SignUpView.swift; sourceTree = "<group>"; };
		CBE487AA2B5C79FB0016455B /* User.swift */ = {isa = PBXFileReference; lastKnownFileType = sourcecode.swift; path = User.swift; sourceTree = "<group>"; };
		CBE931A52B61563D00FEB2E7 /* CircularProfileImageView.swift */ = {isa = PBXFileReference; lastKnownFileType = sourcecode.swift; path = CircularProfileImageView.swift; sourceTree = "<group>"; };
		CBE931A82B615A5700FEB2E7 /* ChatView.swift */ = {isa = PBXFileReference; lastKnownFileType = sourcecode.swift; path = ChatView.swift; sourceTree = "<group>"; };
		CBE931AA2B615DD600FEB2E7 /* ChatMessageCell.swift */ = {isa = PBXFileReference; lastKnownFileType = sourcecode.swift; path = ChatMessageCell.swift; sourceTree = "<group>"; };
		CBE931AC2B61619800FEB2E7 /* ChatBubble.swift */ = {isa = PBXFileReference; lastKnownFileType = sourcecode.swift; path = ChatBubble.swift; sourceTree = "<group>"; };
		CBFD765F2B5846610093A078 /* ProfileView.swift */ = {isa = PBXFileReference; lastKnownFileType = sourcecode.swift; path = ProfileView.swift; sourceTree = "<group>"; };
		CBFD76612B58596B0093A078 /* SettingsOptionsViewModel.swift */ = {isa = PBXFileReference; lastKnownFileType = sourcecode.swift; path = SettingsOptionsViewModel.swift; sourceTree = "<group>"; };
/* End PBXFileReference section */

/* Begin PBXFrameworksBuildPhase section */
		CB2D1FE32B45E50100B88648 /* Frameworks */ = {
			isa = PBXFrameworksBuildPhase;
			buildActionMask = 2147483647;
			files = (
				CB9639252B6425EB00250578 /* FirebaseDatabase in Frameworks */,
				CB9639332B6425EB00250578 /* FirebaseFunctionsCombine-Community in Frameworks */,
				CB96392B2B6425EB00250578 /* FirebaseFirestore in Frameworks */,
				CB9639172B6425EB00250578 /* FirebaseAnalyticsSwift in Frameworks */,
				CB9639132B6425EB00250578 /* FirebaseAnalytics in Frameworks */,
				CB9639152B6425EB00250578 /* FirebaseAnalyticsOnDeviceConversion in Frameworks */,
				CB96393B2B6425EB00250578 /* FirebaseMLModelDownloader in Frameworks */,
				CB96392F2B6425EB00250578 /* FirebaseFirestoreSwift in Frameworks */,
				CB96391B2B6425EB00250578 /* FirebaseAppCheck in Frameworks */,
				CB9639192B6425EB00250578 /* FirebaseAnalyticsWithoutAdIdSupport in Frameworks */,
				CB96391F2B6425EB00250578 /* FirebaseAuth in Frameworks */,
				CB9639232B6425EB00250578 /* FirebaseCrashlytics in Frameworks */,
				CB9639432B6425EB00250578 /* FirebaseRemoteConfigSwift in Frameworks */,
				CB9639352B6425EB00250578 /* FirebaseInAppMessaging-Beta in Frameworks */,
				CB9639272B6425EB00250578 /* FirebaseDatabaseSwift in Frameworks */,
				CB9639312B6425EB00250578 /* FirebaseFunctions in Frameworks */,
				CB9639472B6425EB00250578 /* FirebaseStorageCombine-Community in Frameworks */,
				CB9639412B6425EB00250578 /* FirebaseRemoteConfig in Frameworks */,
				CB96391D2B6425EB00250578 /* FirebaseAppDistribution-Beta in Frameworks */,
				CB9639212B6425EB00250578 /* FirebaseAuthCombine-Community in Frameworks */,
				CB96393F2B6425EB00250578 /* FirebasePerformance in Frameworks */,
				CB9639372B6425EB00250578 /* FirebaseInAppMessagingSwift-Beta in Frameworks */,
				CB9639452B6425EB00250578 /* FirebaseStorage in Frameworks */,
				CB9639292B6425EB00250578 /* FirebaseDynamicLinks in Frameworks */,
				CB96392D2B6425EB00250578 /* FirebaseFirestoreCombine-Community in Frameworks */,
				CB96393D2B6425EB00250578 /* FirebaseMessaging in Frameworks */,
				CB9639392B6425EB00250578 /* FirebaseInstallations in Frameworks */,
			);
			runOnlyForDeploymentPostprocessing = 0;
		};
/* End PBXFrameworksBuildPhase section */

/* Begin PBXGroup section */
		CB00D11C2B4C4ACE00B982C2 /* Profile */ = {
			isa = PBXGroup;
			children = (
				CBFD765E2B5846460093A078 /* View */,
				CBFD765D2B5846400093A078 /* ViewModel */,
			);
			path = Profile;
			sourceTree = "<group>";
		};
		CB00D11D2B4C4C4300B982C2 /* NewMessage */ = {
			isa = PBXGroup;
			children = (
				CB24D67C2B6703AD00FD4A37 /* ViewModels */,
				CB24D67B2B6703A700FD4A37 /* Views */,
			);
			path = NewMessage;
			sourceTree = "<group>";
		};
		CB051EAE2B6B2CBB00715B2C /* Service */ = {
			isa = PBXGroup;
			children = (
				CB051EAF2B6B2CCC00715B2C /* ChatService.swift */,
			);
			path = Service;
			sourceTree = "<group>";
		};
		CB051EB12B6B2DD100715B2C /* Utils */ = {
			isa = PBXGroup;
			children = (
				CB051EB22B6B2DE100715B2C /* Constants.swift */,
			);
			path = Utils;
			sourceTree = "<group>";
		};
		CB051EB42B6B331900715B2C /* Service */ = {
			isa = PBXGroup;
			children = (
				CB051EB52B6B332600715B2C /* InboxService.swift */,
			);
			path = Service;
			sourceTree = "<group>";
		};
		CB1EA8732B657A1900DA81BE /* View */ = {
			isa = PBXGroup;
			children = (
				CB2D1FEB2B45E50100B88648 /* ContentView.swift */,
			);
			path = View;
			sourceTree = "<group>";
		};
		CB1EA8742B657A2500DA81BE /* ViewModel */ = {
			isa = PBXGroup;
			children = (
				CB1EA8752B657A4B00DA81BE /* ContentViewModel.swift */,
			);
			path = ViewModel;
			sourceTree = "<group>";
		};
		CB24D67B2B6703A700FD4A37 /* Views */ = {
			isa = PBXGroup;
			children = (
				CB00D11E2B4C4C6700B982C2 /* NewMessageView.swift */,
			);
			path = Views;
			sourceTree = "<group>";
		};
		CB24D67C2B6703AD00FD4A37 /* ViewModels */ = {
			isa = PBXGroup;
			children = (
				CB24D67D2B6703DC00FD4A37 /* NewMessageViewModel.swift */,
			);
			path = ViewModels;
			sourceTree = "<group>";
		};
		CB24D6832B671D1D00FD4A37 /* View */ = {
			isa = PBXGroup;
			children = (
				CBE931A82B615A5700FEB2E7 /* ChatView.swift */,
				CBE931AA2B615DD600FEB2E7 /* ChatMessageCell.swift */,
				CBE931AC2B61619800FEB2E7 /* ChatBubble.swift */,
			);
			path = View;
			sourceTree = "<group>";
		};
		CB24D6842B671D2200FD4A37 /* ViewModels */ = {
			isa = PBXGroup;
			children = (
				CB24D6852B671D7500FD4A37 /* ChatViewModel.swift */,
			);
			path = ViewModels;
			sourceTree = "<group>";
		};
		CB285C8B2B4AEF2600D49E72 /* Inbox */ = {
			isa = PBXGroup;
			children = (
				CB051EB42B6B331900715B2C /* Service */,
				CB50B4832B66A82A00610047 /* Views */,
				CB50B4822B66A82800610047 /* ViewModel */,
			);
			path = Inbox;
			sourceTree = "<group>";
		};
		CB285C8E2B4AF1CC00D49E72 /* ActiveNow */ = {
			isa = PBXGroup;
			children = (
				CB285C8F2B4AF1E000D49E72 /* ActiveNowView.swift */,
			);
			path = ActiveNow;
			sourceTree = "<group>";
		};
		CB2D1FDD2B45E50100B88648 = {
			isa = PBXGroup;
			children = (
				CB2D1FE82B45E50100B88648 /* Messenger */,
				CB2D1FE72B45E50100B88648 /* Products */,
			);
			sourceTree = "<group>";
		};
		CB2D1FE72B45E50100B88648 /* Products */ = {
			isa = PBXGroup;
			children = (
				CB2D1FE62B45E50100B88648 /* Messenger.app */,
			);
			name = Products;
			sourceTree = "<group>";
		};
		CB2D1FE82B45E50100B88648 /* Messenger */ = {
			isa = PBXGroup;
			children = (
				CB051EB12B6B2DD100715B2C /* Utils */,
				CBD4110D2B46FF2500F15F20 /* App */,
				CBD411112B46FF4C00F15F20 /* Extensions */,
				CBD4110E2B46FF3200F15F20 /* Core */,
				CBD411102B46FF4300F15F20 /* Service */,
				CB96390F2B64255800250578 /* GoogleService-Info */,
				CB9639482B64277800250578 /* GoogleService-Info.plist */,
				CBD411132B46FFB600F15F20 /* Root */,
				CBD4110F2B46FF3800F15F20 /* Model */,
				CB2D1FED2B45E50300B88648 /* Assets.xcassets */,
				CB2D1FEF2B45E50300B88648 /* Preview Content */,
			);
			path = Messenger;
			sourceTree = "<group>";
		};
		CB2D1FEF2B45E50300B88648 /* Preview Content */ = {
			isa = PBXGroup;
			children = (
				CB2D1FF02B45E50300B88648 /* Preview Assets.xcassets */,
			);
			path = "Preview Content";
			sourceTree = "<group>";
		};
		CB50B4822B66A82800610047 /* ViewModel */ = {
			isa = PBXGroup;
			children = (
				CB50B4842B66ACDD00610047 /* InboxViewModel.swift */,
			);
			path = ViewModel;
			sourceTree = "<group>";
		};
		CB50B4832B66A82A00610047 /* Views */ = {
			isa = PBXGroup;
			children = (
				CB285C8C2B4AEF5500D49E72 /* InboxView.swift */,
				CB285C912B4AF54400D49E72 /* InboxRowView.swift */,
			);
			path = Views;
			sourceTree = "<group>";
		};
		CB96394A2B649A0400250578 /* Service */ = {
			isa = PBXGroup;
			children = (
				CB50B4802B66A5FF00610047 /* UserService.swift */,
				CB24D6812B67196800FD4A37 /* MessageService.swift */,
				CB9639502B649A8F00250578 /* AuthService.swift */,
			);
			path = Service;
			sourceTree = "<group>";
		};
		CB96394B2B649A1000250578 /* ViewModel */ = {
			isa = PBXGroup;
			children = (
				CB96394C2B649A2800250578 /* LoginViewModel.swift */,
				CB96394E2B649A6C00250578 /* RegistrationViewModel.swift */,
			);
			path = ViewModel;
			sourceTree = "<group>";
		};
		CBD4110D2B46FF2500F15F20 /* App */ = {
			isa = PBXGroup;
			children = (
				CB2D1FE92B45E50100B88648 /* MessengerApp.swift */,
			);
			path = App;
			sourceTree = "<group>";
		};
		CBD4110E2B46FF3200F15F20 /* Core */ = {
			isa = PBXGroup;
			children = (
				CBE931A72B615A3500FEB2E7 /* Chat */,
				CBE931A42B61561300FEB2E7 /* Components */,
				CB00D11C2B4C4ACE00B982C2 /* Profile */,
				CB285C8E2B4AF1CC00D49E72 /* ActiveNow */,
				CBD411122B46FF6200F15F20 /* Authentication */,
				CB285C8B2B4AEF2600D49E72 /* Inbox */,
				CB00D11D2B4C4C4300B982C2 /* NewMessage */,
			);
			path = Core;
			sourceTree = "<group>";
		};
		CBD4110F2B46FF3800F15F20 /* Model */ = {
			isa = PBXGroup;
			children = (
				CBE487AA2B5C79FB0016455B /* User.swift */,
				CB24D67F2B67176E00FD4A37 /* Message.swift */,
			);
			path = Model;
			sourceTree = "<group>";
		};
		CBD411102B46FF4300F15F20 /* Service */ = {
			isa = PBXGroup;
			children = (
			);
			path = Service;
			sourceTree = "<group>";
		};
		CBD411112B46FF4C00F15F20 /* Extensions */ = {
			isa = PBXGroup;
			children = (
			);
			path = Extensions;
			sourceTree = "<group>";
		};
		CBD411122B46FF6200F15F20 /* Authentication */ = {
			isa = PBXGroup;
			children = (
				CB96394B2B649A1000250578 /* ViewModel */,
				CB96394A2B649A0400250578 /* Service */,
				CBD411142B46FFE000F15F20 /* View */,
			);
			path = Authentication;
			sourceTree = "<group>";
		};
		CBD411132B46FFB600F15F20 /* Root */ = {
			isa = PBXGroup;
			children = (
				CB1EA8742B657A2500DA81BE /* ViewModel */,
				CB1EA8732B657A1900DA81BE /* View */,
			);
			path = Root;
			sourceTree = "<group>";
		};
		CBD411142B46FFE000F15F20 /* View */ = {
			isa = PBXGroup;
			children = (
				CBD411152B46FFF300F15F20 /* LoginView.swift */,
				CBD9862B2B48B43600013A54 /* SignUpView.swift */,
			);
			path = View;
			sourceTree = "<group>";
		};
		CBE931A42B61561300FEB2E7 /* Components */ = {
			isa = PBXGroup;
			children = (
				CBE931A52B61563D00FEB2E7 /* CircularProfileImageView.swift */,
			);
			path = Components;
			sourceTree = "<group>";
		};
		CBE931A72B615A3500FEB2E7 /* Chat */ = {
			isa = PBXGroup;
			children = (
				CB051EAE2B6B2CBB00715B2C /* Service */,
				CB24D6842B671D2200FD4A37 /* ViewModels */,
				CB24D6832B671D1D00FD4A37 /* View */,
			);
			path = Chat;
			sourceTree = "<group>";
		};
		CBFD765D2B5846400093A078 /* ViewModel */ = {
			isa = PBXGroup;
			children = (
				CBFD76612B58596B0093A078 /* SettingsOptionsViewModel.swift */,
				CB9385432B5C0DB900F6C673 /* ProfileViewModel.swift */,
			);
			path = ViewModel;
			sourceTree = "<group>";
		};
		CBFD765E2B5846460093A078 /* View */ = {
			isa = PBXGroup;
			children = (
				CBFD765F2B5846610093A078 /* ProfileView.swift */,
			);
			path = View;
			sourceTree = "<group>";
		};
/* End PBXGroup section */

/* Begin PBXNativeTarget section */
		CB2D1FE52B45E50100B88648 /* Messenger */ = {
			isa = PBXNativeTarget;
			buildConfigurationList = CB2D1FF42B45E50300B88648 /* Build configuration list for PBXNativeTarget "Messenger" */;
			buildPhases = (
				CB2D1FE22B45E50100B88648 /* Sources */,
				CB2D1FE32B45E50100B88648 /* Frameworks */,
				CB2D1FE42B45E50100B88648 /* Resources */,
			);
			buildRules = (
			);
			dependencies = (
			);
			name = Messenger;
			packageProductDependencies = (
				CB9639122B6425EB00250578 /* FirebaseAnalytics */,
				CB9639142B6425EB00250578 /* FirebaseAnalyticsOnDeviceConversion */,
				CB9639162B6425EB00250578 /* FirebaseAnalyticsSwift */,
				CB9639182B6425EB00250578 /* FirebaseAnalyticsWithoutAdIdSupport */,
				CB96391A2B6425EB00250578 /* FirebaseAppCheck */,
				CB96391C2B6425EB00250578 /* FirebaseAppDistribution-Beta */,
				CB96391E2B6425EB00250578 /* FirebaseAuth */,
				CB9639202B6425EB00250578 /* FirebaseAuthCombine-Community */,
				CB9639222B6425EB00250578 /* FirebaseCrashlytics */,
				CB9639242B6425EB00250578 /* FirebaseDatabase */,
				CB9639262B6425EB00250578 /* FirebaseDatabaseSwift */,
				CB9639282B6425EB00250578 /* FirebaseDynamicLinks */,
				CB96392A2B6425EB00250578 /* FirebaseFirestore */,
				CB96392C2B6425EB00250578 /* FirebaseFirestoreCombine-Community */,
				CB96392E2B6425EB00250578 /* FirebaseFirestoreSwift */,
				CB9639302B6425EB00250578 /* FirebaseFunctions */,
				CB9639322B6425EB00250578 /* FirebaseFunctionsCombine-Community */,
				CB9639342B6425EB00250578 /* FirebaseInAppMessaging-Beta */,
				CB9639362B6425EB00250578 /* FirebaseInAppMessagingSwift-Beta */,
				CB9639382B6425EB00250578 /* FirebaseInstallations */,
				CB96393A2B6425EB00250578 /* FirebaseMLModelDownloader */,
				CB96393C2B6425EB00250578 /* FirebaseMessaging */,
				CB96393E2B6425EB00250578 /* FirebasePerformance */,
				CB9639402B6425EB00250578 /* FirebaseRemoteConfig */,
				CB9639422B6425EB00250578 /* FirebaseRemoteConfigSwift */,
				CB9639442B6425EB00250578 /* FirebaseStorage */,
				CB9639462B6425EB00250578 /* FirebaseStorageCombine-Community */,
			);
			productName = Messenger;
			productReference = CB2D1FE62B45E50100B88648 /* Messenger.app */;
			productType = "com.apple.product-type.application";
		};
/* End PBXNativeTarget section */

/* Begin PBXProject section */
		CB2D1FDE2B45E50100B88648 /* Project object */ = {
			isa = PBXProject;
			attributes = {
				BuildIndependentTargetsInParallel = 1;
				LastSwiftUpdateCheck = 1510;
				LastUpgradeCheck = 1510;
				TargetAttributes = {
					CB2D1FE52B45E50100B88648 = {
						CreatedOnToolsVersion = 15.1;
					};
				};
			};
			buildConfigurationList = CB2D1FE12B45E50100B88648 /* Build configuration list for PBXProject "Messenger" */;
			compatibilityVersion = "Xcode 14.0";
			developmentRegion = en;
			hasScannedForEncodings = 0;
			knownRegions = (
				en,
				Base,
			);
			mainGroup = CB2D1FDD2B45E50100B88648;
			packageReferences = (
				CB9639112B6425EB00250578 /* XCRemoteSwiftPackageReference "firebase-ios-sdk" */,
			);
			productRefGroup = CB2D1FE72B45E50100B88648 /* Products */;
			projectDirPath = "";
			projectRoot = "";
			targets = (
				CB2D1FE52B45E50100B88648 /* Messenger */,
			);
		};
/* End PBXProject section */

/* Begin PBXResourcesBuildPhase section */
		CB2D1FE42B45E50100B88648 /* Resources */ = {
			isa = PBXResourcesBuildPhase;
			buildActionMask = 2147483647;
			files = (
				CB2D1FF12B45E50300B88648 /* Preview Assets.xcassets in Resources */,
				CB9639492B64277800250578 /* GoogleService-Info.plist in Resources */,
				CB2D1FEE2B45E50300B88648 /* Assets.xcassets in Resources */,
				CB9639102B64255800250578 /* GoogleService-Info in Resources */,
			);
			runOnlyForDeploymentPostprocessing = 0;
		};
/* End PBXResourcesBuildPhase section */

/* Begin PBXSourcesBuildPhase section */
		CB2D1FE22B45E50100B88648 /* Sources */ = {
			isa = PBXSourcesBuildPhase;
			buildActionMask = 2147483647;
			files = (
				CB24D6862B671D7500FD4A37 /* ChatViewModel.swift in Sources */,
				CB285C922B4AF54400D49E72 /* InboxRowView.swift in Sources */,
				CB50B4852B66ACDD00610047 /* InboxViewModel.swift in Sources */,
				CB96394F2B649A6C00250578 /* RegistrationViewModel.swift in Sources */,
				CBFD76602B5846610093A078 /* ProfileView.swift in Sources */,
				CB00D11F2B4C4C6700B982C2 /* NewMessageView.swift in Sources */,
				CB1EA8762B657A4B00DA81BE /* ContentViewModel.swift in Sources */,
				CBD9862C2B48B43600013A54 /* SignUpView.swift in Sources */,
				CBE931A92B615A5700FEB2E7 /* ChatView.swift in Sources */,
				CB9639512B649A8F00250578 /* AuthService.swift in Sources */,
				CBD411162B46FFF300F15F20 /* LoginView.swift in Sources */,
				CB051EB62B6B332600715B2C /* InboxService.swift in Sources */,
				CB051EB32B6B2DE100715B2C /* Constants.swift in Sources */,
				CBE931AB2B615DD600FEB2E7 /* ChatMessageCell.swift in Sources */,
				CBE931AD2B61619800FEB2E7 /* ChatBubble.swift in Sources */,
				CBE931A62B61563D00FEB2E7 /* CircularProfileImageView.swift in Sources */,
				CB051EB02B6B2CCC00715B2C /* ChatService.swift in Sources */,
				CB285C8D2B4AEF5500D49E72 /* InboxView.swift in Sources */,
				CB96394D2B649A2800250578 /* LoginViewModel.swift in Sources */,
				CB24D67E2B6703DC00FD4A37 /* NewMessageViewModel.swift in Sources */,
				CB50B4812B66A5FF00610047 /* UserService.swift in Sources */,
				CB285C902B4AF1E000D49E72 /* ActiveNowView.swift in Sources */,
				CB9385442B5C0DB900F6C673 /* ProfileViewModel.swift in Sources */,
				CBE487AB2B5C79FB0016455B /* User.swift in Sources */,
				CB24D6822B67196800FD4A37 /* MessageService.swift in Sources */,
				CB2D1FEC2B45E50100B88648 /* ContentView.swift in Sources */,
				CB24D6802B67176E00FD4A37 /* Message.swift in Sources */,
				CBFD76622B58596B0093A078 /* SettingsOptionsViewModel.swift in Sources */,
				CB2D1FEA2B45E50100B88648 /* MessengerApp.swift in Sources */,
			);
			runOnlyForDeploymentPostprocessing = 0;
		};
/* End PBXSourcesBuildPhase section */

/* Begin XCBuildConfiguration section */
		CB2D1FF22B45E50300B88648 /* Debug */ = {
			isa = XCBuildConfiguration;
			buildSettings = {
				ALWAYS_SEARCH_USER_PATHS = NO;
				ASSETCATALOG_COMPILER_GENERATE_SWIFT_ASSET_SYMBOL_EXTENSIONS = YES;
				CLANG_ANALYZER_NONNULL = YES;
				CLANG_ANALYZER_NUMBER_OBJECT_CONVERSION = YES_AGGRESSIVE;
				CLANG_CXX_LANGUAGE_STANDARD = "gnu++20";
				CLANG_ENABLE_MODULES = YES;
				CLANG_ENABLE_OBJC_ARC = YES;
				CLANG_ENABLE_OBJC_WEAK = YES;
				CLANG_WARN_BLOCK_CAPTURE_AUTORELEASING = YES;
				CLANG_WARN_BOOL_CONVERSION = YES;
				CLANG_WARN_COMMA = YES;
				CLANG_WARN_CONSTANT_CONVERSION = YES;
				CLANG_WARN_DEPRECATED_OBJC_IMPLEMENTATIONS = YES;
				CLANG_WARN_DIRECT_OBJC_ISA_USAGE = YES_ERROR;
				CLANG_WARN_DOCUMENTATION_COMMENTS = YES;
				CLANG_WARN_EMPTY_BODY = YES;
				CLANG_WARN_ENUM_CONVERSION = YES;
				CLANG_WARN_INFINITE_RECURSION = YES;
				CLANG_WARN_INT_CONVERSION = YES;
				CLANG_WARN_NON_LITERAL_NULL_CONVERSION = YES;
				CLANG_WARN_OBJC_IMPLICIT_RETAIN_SELF = YES;
				CLANG_WARN_OBJC_LITERAL_CONVERSION = YES;
				CLANG_WARN_OBJC_ROOT_CLASS = YES_ERROR;
				CLANG_WARN_QUOTED_INCLUDE_IN_FRAMEWORK_HEADER = YES;
				CLANG_WARN_RANGE_LOOP_ANALYSIS = YES;
				CLANG_WARN_STRICT_PROTOTYPES = YES;
				CLANG_WARN_SUSPICIOUS_MOVE = YES;
				CLANG_WARN_UNGUARDED_AVAILABILITY = YES_AGGRESSIVE;
				CLANG_WARN_UNREACHABLE_CODE = YES;
				CLANG_WARN__DUPLICATE_METHOD_MATCH = YES;
				COPY_PHASE_STRIP = NO;
				DEBUG_INFORMATION_FORMAT = dwarf;
				ENABLE_STRICT_OBJC_MSGSEND = YES;
				ENABLE_TESTABILITY = YES;
				ENABLE_USER_SCRIPT_SANDBOXING = YES;
				GCC_C_LANGUAGE_STANDARD = gnu17;
				GCC_DYNAMIC_NO_PIC = NO;
				GCC_NO_COMMON_BLOCKS = YES;
				GCC_OPTIMIZATION_LEVEL = 0;
				GCC_PREPROCESSOR_DEFINITIONS = (
					"DEBUG=1",
					"$(inherited)",
				);
				GCC_WARN_64_TO_32_BIT_CONVERSION = YES;
				GCC_WARN_ABOUT_RETURN_TYPE = YES_ERROR;
				GCC_WARN_UNDECLARED_SELECTOR = YES;
				GCC_WARN_UNINITIALIZED_AUTOS = YES_AGGRESSIVE;
				GCC_WARN_UNUSED_FUNCTION = YES;
				GCC_WARN_UNUSED_VARIABLE = YES;
				IPHONEOS_DEPLOYMENT_TARGET = 17.2;
				LOCALIZATION_PREFERS_STRING_CATALOGS = YES;
				MTL_ENABLE_DEBUG_INFO = INCLUDE_SOURCE;
				MTL_FAST_MATH = YES;
				ONLY_ACTIVE_ARCH = YES;
				SDKROOT = iphoneos;
				SWIFT_ACTIVE_COMPILATION_CONDITIONS = "DEBUG $(inherited)";
				SWIFT_OPTIMIZATION_LEVEL = "-Onone";
			};
			name = Debug;
		};
		CB2D1FF32B45E50300B88648 /* Release */ = {
			isa = XCBuildConfiguration;
			buildSettings = {
				ALWAYS_SEARCH_USER_PATHS = NO;
				ASSETCATALOG_COMPILER_GENERATE_SWIFT_ASSET_SYMBOL_EXTENSIONS = YES;
				CLANG_ANALYZER_NONNULL = YES;
				CLANG_ANALYZER_NUMBER_OBJECT_CONVERSION = YES_AGGRESSIVE;
				CLANG_CXX_LANGUAGE_STANDARD = "gnu++20";
				CLANG_ENABLE_MODULES = YES;
				CLANG_ENABLE_OBJC_ARC = YES;
				CLANG_ENABLE_OBJC_WEAK = YES;
				CLANG_WARN_BLOCK_CAPTURE_AUTORELEASING = YES;
				CLANG_WARN_BOOL_CONVERSION = YES;
				CLANG_WARN_COMMA = YES;
				CLANG_WARN_CONSTANT_CONVERSION = YES;
				CLANG_WARN_DEPRECATED_OBJC_IMPLEMENTATIONS = YES;
				CLANG_WARN_DIRECT_OBJC_ISA_USAGE = YES_ERROR;
				CLANG_WARN_DOCUMENTATION_COMMENTS = YES;
				CLANG_WARN_EMPTY_BODY = YES;
				CLANG_WARN_ENUM_CONVERSION = YES;
				CLANG_WARN_INFINITE_RECURSION = YES;
				CLANG_WARN_INT_CONVERSION = YES;
				CLANG_WARN_NON_LITERAL_NULL_CONVERSION = YES;
				CLANG_WARN_OBJC_IMPLICIT_RETAIN_SELF = YES;
				CLANG_WARN_OBJC_LITERAL_CONVERSION = YES;
				CLANG_WARN_OBJC_ROOT_CLASS = YES_ERROR;
				CLANG_WARN_QUOTED_INCLUDE_IN_FRAMEWORK_HEADER = YES;
				CLANG_WARN_RANGE_LOOP_ANALYSIS = YES;
				CLANG_WARN_STRICT_PROTOTYPES = YES;
				CLANG_WARN_SUSPICIOUS_MOVE = YES;
				CLANG_WARN_UNGUARDED_AVAILABILITY = YES_AGGRESSIVE;
				CLANG_WARN_UNREACHABLE_CODE = YES;
				CLANG_WARN__DUPLICATE_METHOD_MATCH = YES;
				COPY_PHASE_STRIP = NO;
				DEBUG_INFORMATION_FORMAT = "dwarf-with-dsym";
				ENABLE_NS_ASSERTIONS = NO;
				ENABLE_STRICT_OBJC_MSGSEND = YES;
				ENABLE_USER_SCRIPT_SANDBOXING = YES;
				GCC_C_LANGUAGE_STANDARD = gnu17;
				GCC_NO_COMMON_BLOCKS = YES;
				GCC_WARN_64_TO_32_BIT_CONVERSION = YES;
				GCC_WARN_ABOUT_RETURN_TYPE = YES_ERROR;
				GCC_WARN_UNDECLARED_SELECTOR = YES;
				GCC_WARN_UNINITIALIZED_AUTOS = YES_AGGRESSIVE;
				GCC_WARN_UNUSED_FUNCTION = YES;
				GCC_WARN_UNUSED_VARIABLE = YES;
				IPHONEOS_DEPLOYMENT_TARGET = 17.2;
				LOCALIZATION_PREFERS_STRING_CATALOGS = YES;
				MTL_ENABLE_DEBUG_INFO = NO;
				MTL_FAST_MATH = YES;
				SDKROOT = iphoneos;
				SWIFT_COMPILATION_MODE = wholemodule;
				VALIDATE_PRODUCT = YES;
			};
			name = Release;
		};
		CB2D1FF52B45E50300B88648 /* Debug */ = {
			isa = XCBuildConfiguration;
			buildSettings = {
				ASSETCATALOG_COMPILER_APPICON_NAME = AppIcon;
				ASSETCATALOG_COMPILER_GLOBAL_ACCENT_COLOR_NAME = AccentColor;
				CODE_SIGN_STYLE = Automatic;
				CURRENT_PROJECT_VERSION = 1;
				DEVELOPMENT_ASSET_PATHS = "\"Messenger/Preview Content\"";
				DEVELOPMENT_TEAM = 9PBPPD5C9M;
				ENABLE_PREVIEWS = YES;
				GENERATE_INFOPLIST_FILE = YES;
				INFOPLIST_KEY_UIApplicationSceneManifest_Generation = YES;
				INFOPLIST_KEY_UIApplicationSupportsIndirectInputEvents = YES;
				INFOPLIST_KEY_UILaunchScreen_Generation = YES;
				INFOPLIST_KEY_UISupportedInterfaceOrientations_iPad = "UIInterfaceOrientationPortrait UIInterfaceOrientationPortraitUpsideDown UIInterfaceOrientationLandscapeLeft UIInterfaceOrientationLandscapeRight";
				INFOPLIST_KEY_UISupportedInterfaceOrientations_iPhone = "UIInterfaceOrientationPortrait UIInterfaceOrientationLandscapeLeft UIInterfaceOrientationLandscapeRight";
				LD_RUNPATH_SEARCH_PATHS = (
					"$(inherited)",
					"@executable_path/Frameworks",
				);
				MARKETING_VERSION = 1.0;
				PRODUCT_BUNDLE_IDENTIFIER = Vamsi.Messenger;
				PRODUCT_NAME = "$(TARGET_NAME)";
				SWIFT_EMIT_LOC_STRINGS = YES;
				SWIFT_VERSION = 5.0;
				TARGETED_DEVICE_FAMILY = "1,2";
			};
			name = Debug;
		};
		CB2D1FF62B45E50300B88648 /* Release */ = {
			isa = XCBuildConfiguration;
			buildSettings = {
				ASSETCATALOG_COMPILER_APPICON_NAME = AppIcon;
				ASSETCATALOG_COMPILER_GLOBAL_ACCENT_COLOR_NAME = AccentColor;
				CODE_SIGN_STYLE = Automatic;
				CURRENT_PROJECT_VERSION = 1;
				DEVELOPMENT_ASSET_PATHS = "\"Messenger/Preview Content\"";
				DEVELOPMENT_TEAM = 9PBPPD5C9M;
				ENABLE_PREVIEWS = YES;
				GENERATE_INFOPLIST_FILE = YES;
				INFOPLIST_KEY_UIApplicationSceneManifest_Generation = YES;
				INFOPLIST_KEY_UIApplicationSupportsIndirectInputEvents = YES;
				INFOPLIST_KEY_UILaunchScreen_Generation = YES;
				INFOPLIST_KEY_UISupportedInterfaceOrientations_iPad = "UIInterfaceOrientationPortrait UIInterfaceOrientationPortraitUpsideDown UIInterfaceOrientationLandscapeLeft UIInterfaceOrientationLandscapeRight";
				INFOPLIST_KEY_UISupportedInterfaceOrientations_iPhone = "UIInterfaceOrientationPortrait UIInterfaceOrientationLandscapeLeft UIInterfaceOrientationLandscapeRight";
				LD_RUNPATH_SEARCH_PATHS = (
					"$(inherited)",
					"@executable_path/Frameworks",
				);
				MARKETING_VERSION = 1.0;
				PRODUCT_BUNDLE_IDENTIFIER = Vamsi.Messenger;
				PRODUCT_NAME = "$(TARGET_NAME)";
				SWIFT_EMIT_LOC_STRINGS = YES;
				SWIFT_VERSION = 5.0;
				TARGETED_DEVICE_FAMILY = "1,2";
			};
			name = Release;
		};
/* End XCBuildConfiguration section */

/* Begin XCConfigurationList section */
		CB2D1FE12B45E50100B88648 /* Build configuration list for PBXProject "Messenger" */ = {
			isa = XCConfigurationList;
			buildConfigurations = (
				CB2D1FF22B45E50300B88648 /* Debug */,
				CB2D1FF32B45E50300B88648 /* Release */,
			);
			defaultConfigurationIsVisible = 0;
			defaultConfigurationName = Release;
		};
		CB2D1FF42B45E50300B88648 /* Build configuration list for PBXNativeTarget "Messenger" */ = {
			isa = XCConfigurationList;
			buildConfigurations = (
				CB2D1FF52B45E50300B88648 /* Debug */,
				CB2D1FF62B45E50300B88648 /* Release */,
			);
			defaultConfigurationIsVisible = 0;
			defaultConfigurationName = Release;
		};
/* End XCConfigurationList section */

/* Begin XCRemoteSwiftPackageReference section */
		CB9639112B6425EB00250578 /* XCRemoteSwiftPackageReference "firebase-ios-sdk" */ = {
			isa = XCRemoteSwiftPackageReference;
			repositoryURL = "https://github.com/firebase/firebase-ios-sdk";
			requirement = {
				kind = upToNextMajorVersion;
				minimumVersion = 10.20.0;
			};
		};
/* End XCRemoteSwiftPackageReference section */

/* Begin XCSwiftPackageProductDependency section */
		CB9639122B6425EB00250578 /* FirebaseAnalytics */ = {
			isa = XCSwiftPackageProductDependency;
			package = CB9639112B6425EB00250578 /* XCRemoteSwiftPackageReference "firebase-ios-sdk" */;
			productName = FirebaseAnalytics;
		};
		CB9639142B6425EB00250578 /* FirebaseAnalyticsOnDeviceConversion */ = {
			isa = XCSwiftPackageProductDependency;
			package = CB9639112B6425EB00250578 /* XCRemoteSwiftPackageReference "firebase-ios-sdk" */;
			productName = FirebaseAnalyticsOnDeviceConversion;
		};
		CB9639162B6425EB00250578 /* FirebaseAnalyticsSwift */ = {
			isa = XCSwiftPackageProductDependency;
			package = CB9639112B6425EB00250578 /* XCRemoteSwiftPackageReference "firebase-ios-sdk" */;
			productName = FirebaseAnalyticsSwift;
		};
		CB9639182B6425EB00250578 /* FirebaseAnalyticsWithoutAdIdSupport */ = {
			isa = XCSwiftPackageProductDependency;
			package = CB9639112B6425EB00250578 /* XCRemoteSwiftPackageReference "firebase-ios-sdk" */;
			productName = FirebaseAnalyticsWithoutAdIdSupport;
		};
		CB96391A2B6425EB00250578 /* FirebaseAppCheck */ = {
			isa = XCSwiftPackageProductDependency;
			package = CB9639112B6425EB00250578 /* XCRemoteSwiftPackageReference "firebase-ios-sdk" */;
			productName = FirebaseAppCheck;
		};
		CB96391C2B6425EB00250578 /* FirebaseAppDistribution-Beta */ = {
			isa = XCSwiftPackageProductDependency;
			package = CB9639112B6425EB00250578 /* XCRemoteSwiftPackageReference "firebase-ios-sdk" */;
			productName = "FirebaseAppDistribution-Beta";
		};
		CB96391E2B6425EB00250578 /* FirebaseAuth */ = {
			isa = XCSwiftPackageProductDependency;
			package = CB9639112B6425EB00250578 /* XCRemoteSwiftPackageReference "firebase-ios-sdk" */;
			productName = FirebaseAuth;
		};
		CB9639202B6425EB00250578 /* FirebaseAuthCombine-Community */ = {
			isa = XCSwiftPackageProductDependency;
			package = CB9639112B6425EB00250578 /* XCRemoteSwiftPackageReference "firebase-ios-sdk" */;
			productName = "FirebaseAuthCombine-Community";
		};
		CB9639222B6425EB00250578 /* FirebaseCrashlytics */ = {
			isa = XCSwiftPackageProductDependency;
			package = CB9639112B6425EB00250578 /* XCRemoteSwiftPackageReference "firebase-ios-sdk" */;
			productName = FirebaseCrashlytics;
		};
		CB9639242B6425EB00250578 /* FirebaseDatabase */ = {
			isa = XCSwiftPackageProductDependency;
			package = CB9639112B6425EB00250578 /* XCRemoteSwiftPackageReference "firebase-ios-sdk" */;
			productName = FirebaseDatabase;
		};
		CB9639262B6425EB00250578 /* FirebaseDatabaseSwift */ = {
			isa = XCSwiftPackageProductDependency;
			package = CB9639112B6425EB00250578 /* XCRemoteSwiftPackageReference "firebase-ios-sdk" */;
			productName = FirebaseDatabaseSwift;
		};
		CB9639282B6425EB00250578 /* FirebaseDynamicLinks */ = {
			isa = XCSwiftPackageProductDependency;
			package = CB9639112B6425EB00250578 /* XCRemoteSwiftPackageReference "firebase-ios-sdk" */;
			productName = FirebaseDynamicLinks;
		};
		CB96392A2B6425EB00250578 /* FirebaseFirestore */ = {
			isa = XCSwiftPackageProductDependency;
			package = CB9639112B6425EB00250578 /* XCRemoteSwiftPackageReference "firebase-ios-sdk" */;
			productName = FirebaseFirestore;
		};
		CB96392C2B6425EB00250578 /* FirebaseFirestoreCombine-Community */ = {
			isa = XCSwiftPackageProductDependency;
			package = CB9639112B6425EB00250578 /* XCRemoteSwiftPackageReference "firebase-ios-sdk" */;
			productName = "FirebaseFirestoreCombine-Community";
		};
		CB96392E2B6425EB00250578 /* FirebaseFirestoreSwift */ = {
			isa = XCSwiftPackageProductDependency;
			package = CB9639112B6425EB00250578 /* XCRemoteSwiftPackageReference "firebase-ios-sdk" */;
			productName = FirebaseFirestoreSwift;
		};
		CB9639302B6425EB00250578 /* FirebaseFunctions */ = {
			isa = XCSwiftPackageProductDependency;
			package = CB9639112B6425EB00250578 /* XCRemoteSwiftPackageReference "firebase-ios-sdk" */;
			productName = FirebaseFunctions;
		};
		CB9639322B6425EB00250578 /* FirebaseFunctionsCombine-Community */ = {
			isa = XCSwiftPackageProductDependency;
			package = CB9639112B6425EB00250578 /* XCRemoteSwiftPackageReference "firebase-ios-sdk" */;
			productName = "FirebaseFunctionsCombine-Community";
		};
		CB9639342B6425EB00250578 /* FirebaseInAppMessaging-Beta */ = {
			isa = XCSwiftPackageProductDependency;
			package = CB9639112B6425EB00250578 /* XCRemoteSwiftPackageReference "firebase-ios-sdk" */;
			productName = "FirebaseInAppMessaging-Beta";
		};
		CB9639362B6425EB00250578 /* FirebaseInAppMessagingSwift-Beta */ = {
			isa = XCSwiftPackageProductDependency;
			package = CB9639112B6425EB00250578 /* XCRemoteSwiftPackageReference "firebase-ios-sdk" */;
			productName = "FirebaseInAppMessagingSwift-Beta";
		};
		CB9639382B6425EB00250578 /* FirebaseInstallations */ = {
			isa = XCSwiftPackageProductDependency;
			package = CB9639112B6425EB00250578 /* XCRemoteSwiftPackageReference "firebase-ios-sdk" */;
			productName = FirebaseInstallations;
		};
		CB96393A2B6425EB00250578 /* FirebaseMLModelDownloader */ = {
			isa = XCSwiftPackageProductDependency;
			package = CB9639112B6425EB00250578 /* XCRemoteSwiftPackageReference "firebase-ios-sdk" */;
			productName = FirebaseMLModelDownloader;
		};
		CB96393C2B6425EB00250578 /* FirebaseMessaging */ = {
			isa = XCSwiftPackageProductDependency;
			package = CB9639112B6425EB00250578 /* XCRemoteSwiftPackageReference "firebase-ios-sdk" */;
			productName = FirebaseMessaging;
		};
		CB96393E2B6425EB00250578 /* FirebasePerformance */ = {
			isa = XCSwiftPackageProductDependency;
			package = CB9639112B6425EB00250578 /* XCRemoteSwiftPackageReference "firebase-ios-sdk" */;
			productName = FirebasePerformance;
		};
		CB9639402B6425EB00250578 /* FirebaseRemoteConfig */ = {
			isa = XCSwiftPackageProductDependency;
			package = CB9639112B6425EB00250578 /* XCRemoteSwiftPackageReference "firebase-ios-sdk" */;
			productName = FirebaseRemoteConfig;
		};
		CB9639422B6425EB00250578 /* FirebaseRemoteConfigSwift */ = {
			isa = XCSwiftPackageProductDependency;
			package = CB9639112B6425EB00250578 /* XCRemoteSwiftPackageReference "firebase-ios-sdk" */;
			productName = FirebaseRemoteConfigSwift;
		};
		CB9639442B6425EB00250578 /* FirebaseStorage */ = {
			isa = XCSwiftPackageProductDependency;
			package = CB9639112B6425EB00250578 /* XCRemoteSwiftPackageReference "firebase-ios-sdk" */;
			productName = FirebaseStorage;
		};
		CB9639462B6425EB00250578 /* FirebaseStorageCombine-Community */ = {
			isa = XCSwiftPackageProductDependency;
			package = CB9639112B6425EB00250578 /* XCRemoteSwiftPackageReference "firebase-ios-sdk" */;
			productName = "FirebaseStorageCombine-Community";
		};
/* End XCSwiftPackageProductDependency section */
	};
	rootObject = CB2D1FDE2B45E50100B88648 /* Project object */;
}
